
Microsoft Visual Studio Solution File, Format Version 12.00
# Visual Studio Version 16
VisualStudioVersion = 16.0.30225.117
MinimumVisualStudioVersion = 10.0.40219.1
Project("{FAE04EC0-301F-11D3-BF4B-00C04F79EFBC}") = "PollyDemo", "PollyDemo.csproj", "{F52B1D72-F1A5-45FC-BDED-72523AF58FA7}"
EndProject
Global
	GlobalSection(SolutionConfigurationPlatforms) = preSolution
		Debug|Any CPU = Debug|Any CPU
		Release|Any CPU = Release|Any CPU
	EndGlobalSection
	GlobalSection(ProjectConfigurationPlatforms) = postSolution
		{F52B1D72-F1A5-45FC-BDED-72523AF58FA7}.Debug|Any CPU.ActiveCfg = Debug|Any CPU
		{F52B1D72-F1A5-45FC-BDED-72523AF58FA7}.Debug|Any CPU.Build.0 = Debug|Any CPU
		{F52B1D72-F1A5-45FC-BDED-72523AF58FA7}.Release|Any CPU.ActiveCfg = Release|Any CPU
		{F52B1D72-F1A5-45FC-BDED-72523AF58FA7}.Release|Any CPU.Build.0 = Release|Any CPU
	EndGlobalSection
	GlobalSection(SolutionProperties) = preSolution
		HideSolutionNode = FALSE
	EndGlobalSection
	GlobalSection(ExtensibilityGlobals) = postSolution
		SolutionGuid = {90873880-9CFC-40FB-BDF8-468973825BF4}
	EndGlobalSection
EndGlobal
